// !$*UTF8*$!
{
	archiveVersion = 1;
	classes = {
	};
	objectVersion = 56;
	objects = {

/* Begin PBXBuildFile section */
		902DB52D2A4C9778003E101A /* AppDelegate.swift in Sources */ = {isa = PBXBuildFile; fileRef = 902DB52C2A4C9778003E101A /* AppDelegate.swift */; };
		902DB52F2A4C9778003E101A /* SceneDelegate.swift in Sources */ = {isa = PBXBuildFile; fileRef = 902DB52E2A4C9778003E101A /* SceneDelegate.swift */; };
		902DB5312A4C9778003E101A /* ViewController.swift in Sources */ = {isa = PBXBuildFile; fileRef = 902DB5302A4C9778003E101A /* ViewController.swift */; };
		902DB5362A4C977A003E101A /* Assets.xcassets in Resources */ = {isa = PBXBuildFile; fileRef = 902DB5352A4C977A003E101A /* Assets.xcassets */; };
		902DB5392A4C977A003E101A /* LaunchScreen.storyboard in Resources */ = {isa = PBXBuildFile; fileRef = 902DB5372A4C977A003E101A /* LaunchScreen.storyboard */; };
		902DB5432A4CB0A5003E101A /* Presenter.swift in Sources */ = {isa = PBXBuildFile; fileRef = 902DB5422A4CB0A5003E101A /* Presenter.swift */; };
		902DB5452A4CB0B1003E101A /* Assembly.swift in Sources */ = {isa = PBXBuildFile; fileRef = 902DB5442A4CB0B1003E101A /* Assembly.swift */; };
		902DB5482A4CB11D003E101A /* PresenterOutput.swift in Sources */ = {isa = PBXBuildFile; fileRef = 902DB5472A4CB11D003E101A /* PresenterOutput.swift */; };
		902DB54A2A4CB126003E101A /* PresenterInput.swift in Sources */ = {isa = PBXBuildFile; fileRef = 902DB5492A4CB126003E101A /* PresenterInput.swift */; };
/* End PBXBuildFile section */

/* Begin PBXFileReference section */
		902DB5292A4C9778003E101A /* HS_TZ.app */ = {isa = PBXFileReference; explicitFileType = wrapper.application; includeInIndex = 0; path = HS_TZ.app; sourceTree = BUILT_PRODUCTS_DIR; };
		902DB52C2A4C9778003E101A /* AppDelegate.swift */ = {isa = PBXFileReference; lastKnownFileType = sourcecode.swift; path = AppDelegate.swift; sourceTree = "<group>"; };
		902DB52E2A4C9778003E101A /* SceneDelegate.swift */ = {isa = PBXFileReference; lastKnownFileType = sourcecode.swift; path = SceneDelegate.swift; sourceTree = "<group>"; };
		902DB5302A4C9778003E101A /* ViewController.swift */ = {isa = PBXFileReference; lastKnownFileType = sourcecode.swift; path = ViewController.swift; sourceTree = "<group>"; };
		902DB5352A4C977A003E101A /* Assets.xcassets */ = {isa = PBXFileReference; lastKnownFileType = folder.assetcatalog; path = Assets.xcassets; sourceTree = "<group>"; };
		902DB5382A4C977A003E101A /* Base */ = {isa = PBXFileReference; lastKnownFileType = file.storyboard; name = Base; path = Base.lproj/LaunchScreen.storyboard; sourceTree = "<group>"; };
		902DB53A2A4C977A003E101A /* Info.plist */ = {isa = PBXFileReference; lastKnownFileType = text.plist.xml; path = Info.plist; sourceTree = "<group>"; };
		902DB5422A4CB0A5003E101A /* Presenter.swift */ = {isa = PBXFileReference; lastKnownFileType = sourcecode.swift; path = Presenter.swift; sourceTree = "<group>"; };
		902DB5442A4CB0B1003E101A /* Assembly.swift */ = {isa = PBXFileReference; lastKnownFileType = sourcecode.swift; path = Assembly.swift; sourceTree = "<group>"; };
		902DB5472A4CB11D003E101A /* PresenterOutput.swift */ = {isa = PBXFileReference; lastKnownFileType = sourcecode.swift; path = PresenterOutput.swift; sourceTree = "<group>"; };
		902DB5492A4CB126003E101A /* PresenterInput.swift */ = {isa = PBXFileReference; lastKnownFileType = sourcecode.swift; path = PresenterInput.swift; sourceTree = "<group>"; };
/* End PBXFileReference section */

/* Begin PBXFrameworksBuildPhase section */
		902DB5262A4C9778003E101A /* Frameworks */ = {
			isa = PBXFrameworksBuildPhase;
			buildActionMask = 2147483647;
			files = (
			);
			runOnlyForDeploymentPostprocessing = 0;
		};
/* End PBXFrameworksBuildPhase section */

/* Begin PBXGroup section */
		902DB5202A4C9778003E101A = {
			isa = PBXGroup;
			children = (
				902DB52B2A4C9778003E101A /* HS_TZ */,
				902DB52A2A4C9778003E101A /* Products */,
			);
			sourceTree = "<group>";
		};
		902DB52A2A4C9778003E101A /* Products */ = {
			isa = PBXGroup;
			children = (
				902DB5292A4C9778003E101A /* HS_TZ.app */,
			);
			name = Products;
			sourceTree = "<group>";
		};
		902DB52B2A4C9778003E101A /* HS_TZ */ = {
			isa = PBXGroup;
			children = (
				902DB5402A4C99BA003E101A /* App */,
				902DB5442A4CB0B1003E101A /* Assembly.swift */,
				902DB5462A4CB10B003E101A /* Presenter */,
				902DB5302A4C9778003E101A /* ViewController.swift */,
				902DB5412A4C99C2003E101A /* Resources */,
			);
			path = HS_TZ;
			sourceTree = "<group>";
		};
		902DB5402A4C99BA003E101A /* App */ = {
			isa = PBXGroup;
			children = (
				902DB52C2A4C9778003E101A /* AppDelegate.swift */,
				902DB52E2A4C9778003E101A /* SceneDelegate.swift */,
			);
			path = App;
			sourceTree = "<group>";
		};
		902DB5412A4C99C2003E101A /* Resources */ = {
			isa = PBXGroup;
			children = (
				902DB5352A4C977A003E101A /* Assets.xcassets */,
				902DB5372A4C977A003E101A /* LaunchScreen.storyboard */,
				902DB53A2A4C977A003E101A /* Info.plist */,
			);
			path = Resources;
			sourceTree = "<group>";
		};
		902DB5462A4CB10B003E101A /* Presenter */ = {
			isa = PBXGroup;
			children = (
				902DB5422A4CB0A5003E101A /* Presenter.swift */,
				902DB5492A4CB126003E101A /* PresenterInput.swift */,
				902DB5472A4CB11D003E101A /* PresenterOutput.swift */,
			);
			path = Presenter;
			sourceTree = "<group>";
		};
/* End PBXGroup section */

/* Begin PBXNativeTarget section */
		902DB5282A4C9778003E101A /* HS_TZ */ = {
			isa = PBXNativeTarget;
			buildConfigurationList = 902DB53D2A4C977A003E101A /* Build configuration list for PBXNativeTarget "HS_TZ" */;
			buildPhases = (
				902DB5252A4C9778003E101A /* Sources */,
				902DB5262A4C9778003E101A /* Frameworks */,
				902DB5272A4C9778003E101A /* Resources */,
			);
			buildRules = (
			);
			dependencies = (
			);
			name = HS_TZ;
			productName = HS_TZ;
			productReference = 902DB5292A4C9778003E101A /* HS_TZ.app */;
			productType = "com.apple.product-type.application";
		};
/* End PBXNativeTarget section */

/* Begin PBXProject section */
		902DB5212A4C9778003E101A /* Project object */ = {
			isa = PBXProject;
			attributes = {
				BuildIndependentTargetsInParallel = 1;
				LastSwiftUpdateCheck = 1430;
				LastUpgradeCheck = 1430;
				TargetAttributes = {
					902DB5282A4C9778003E101A = {
						CreatedOnToolsVersion = 14.3.1;
					};
				};
			};
			buildConfigurationList = 902DB5242A4C9778003E101A /* Build configuration list for PBXProject "HS_TZ" */;
			compatibilityVersion = "Xcode 14.0";
			developmentRegion = en;
			hasScannedForEncodings = 0;
			knownRegions = (
				en,
				Base,
			);
			mainGroup = 902DB5202A4C9778003E101A;
			productRefGroup = 902DB52A2A4C9778003E101A /* Products */;
			projectDirPath = "";
			projectRoot = "";
			targets = (
				902DB5282A4C9778003E101A /* HS_TZ */,
			);
		};
/* End PBXProject section */

/* Begin PBXResourcesBuildPhase section */
		902DB5272A4C9778003E101A /* Resources */ = {
			isa = PBXResourcesBuildPhase;
			buildActionMask = 2147483647;
			files = (
				902DB5392A4C977A003E101A /* LaunchScreen.storyboard in Resources */,
				902DB5362A4C977A003E101A /* Assets.xcassets in Resources */,
			);
			runOnlyForDeploymentPostprocessing = 0;
		};
/* End PBXResourcesBuildPhase section */

/* Begin PBXSourcesBuildPhase section */
		902DB5252A4C9778003E101A /* Sources */ = {
			isa = PBXSourcesBuildPhase;
			buildActionMask = 2147483647;
			files = (
				902DB5312A4C9778003E101A /* ViewController.swift in Sources */,
				902DB54A2A4CB126003E101A /* PresenterInput.swift in Sources */,
				902DB5452A4CB0B1003E101A /* Assembly.swift in Sources */,
				902DB52D2A4C9778003E101A /* AppDelegate.swift in Sources */,
				902DB5432A4CB0A5003E101A /* Presenter.swift in Sources */,
				902DB52F2A4C9778003E101A /* SceneDelegate.swift in Sources */,
				902DB5482A4CB11D003E101A /* PresenterOutput.swift in Sources */,
			);
			runOnlyForDeploymentPostprocessing = 0;
		};
/* End PBXSourcesBuildPhase section */

/* Begin PBXVariantGroup section */
		902DB5372A4C977A003E101A /* LaunchScreen.storyboard */ = {
			isa = PBXVariantGroup;
			children = (
				902DB5382A4C977A003E101A /* Base */,
			);
			name = LaunchScreen.storyboard;
			sourceTree = "<group>";
		};
/* End PBXVariantGroup section */

/* Begin XCBuildConfiguration section */
		902DB53B2A4C977A003E101A /* Debug */ = {
			isa = XCBuildConfiguration;
			buildSettings = {
				ALWAYS_SEARCH_USER_PATHS = NO;
				CLANG_ANALYZER_NONNULL = YES;
				CLANG_ANALYZER_NUMBER_OBJECT_CONVERSION = YES_AGGRESSIVE;
				CLANG_CXX_LANGUAGE_STANDARD = "gnu++20";
				CLANG_ENABLE_MODULES = YES;
				CLANG_ENABLE_OBJC_ARC = YES;
				CLANG_ENABLE_OBJC_WEAK = YES;
				CLANG_WARN_BLOCK_CAPTURE_AUTORELEASING = YES;
				CLANG_WARN_BOOL_CONVERSION = YES;
				CLANG_WARN_COMMA = YES;
				CLANG_WARN_CONSTANT_CONVERSION = YES;
				CLANG_WARN_DEPRECATED_OBJC_IMPLEMENTATIONS = YES;
				CLANG_WARN_DIRECT_OBJC_ISA_USAGE = YES_ERROR;
				CLANG_WARN_DOCUMENTATION_COMMENTS = YES;
				CLANG_WARN_EMPTY_BODY = YES;
				CLANG_WARN_ENUM_CONVERSION = YES;
				CLANG_WARN_INFINITE_RECURSION = YES;
				CLANG_WARN_INT_CONVERSION = YES;
				CLANG_WARN_NON_LITERAL_NULL_CONVERSION = YES;
				CLANG_WARN_OBJC_IMPLICIT_RETAIN_SELF = YES;
				CLANG_WARN_OBJC_LITERAL_CONVERSION = YES;
				CLANG_WARN_OBJC_ROOT_CLASS = YES_ERROR;
				CLANG_WARN_QUOTED_INCLUDE_IN_FRAMEWORK_HEADER = YES;
				CLANG_WARN_RANGE_LOOP_ANALYSIS = YES;
				CLANG_WARN_STRICT_PROTOTYPES = YES;
				CLANG_WARN_SUSPICIOUS_MOVE = YES;
				CLANG_WARN_UNGUARDED_AVAILABILITY = YES_AGGRESSIVE;
				CLANG_WARN_UNREACHABLE_CODE = YES;
				CLANG_WARN__DUPLICATE_METHOD_MATCH = YES;
				COPY_PHASE_STRIP = NO;
				DEBUG_INFORMATION_FORMAT = dwarf;
				ENABLE_STRICT_OBJC_MSGSEND = YES;
				ENABLE_TESTABILITY = YES;
				GCC_C_LANGUAGE_STANDARD = gnu11;
				GCC_DYNAMIC_NO_PIC = NO;
				GCC_NO_COMMON_BLOCKS = YES;
				GCC_OPTIMIZATION_LEVEL = 0;
				GCC_PREPROCESSOR_DEFINITIONS = (
					"DEBUG=1",
					"$(inherited)",
				);
				GCC_WARN_64_TO_32_BIT_CONVERSION = YES;
				GCC_WARN_ABOUT_RETURN_TYPE = YES_ERROR;
				GCC_WARN_UNDECLARED_SELECTOR = YES;
				GCC_WARN_UNINITIALIZED_AUTOS = YES_AGGRESSIVE;
				GCC_WARN_UNUSED_FUNCTION = YES;
				GCC_WARN_UNUSED_VARIABLE = YES;
				IPHONEOS_DEPLOYMENT_TARGET = 16.4;
				MTL_ENABLE_DEBUG_INFO = INCLUDE_SOURCE;
				MTL_FAST_MATH = YES;
				ONLY_ACTIVE_ARCH = YES;
				SDKROOT = iphoneos;
				SWIFT_ACTIVE_COMPILATION_CONDITIONS = DEBUG;
				SWIFT_OPTIMIZATION_LEVEL = "-Onone";
			};
			name = Debug;
		};
		902DB53C2A4C977A003E101A /* Release */ = {
			isa = XCBuildConfiguration;
			buildSettings = {
				ALWAYS_SEARCH_USER_PATHS = NO;
				CLANG_ANALYZER_NONNULL = YES;
				CLANG_ANALYZER_NUMBER_OBJECT_CONVERSION = YES_AGGRESSIVE;
				CLANG_CXX_LANGUAGE_STANDARD = "gnu++20";
				CLANG_ENABLE_MODULES = YES;
				CLANG_ENABLE_OBJC_ARC = YES;
				CLANG_ENABLE_OBJC_WEAK = YES;
				CLANG_WARN_BLOCK_CAPTURE_AUTORELEASING = YES;
				CLANG_WARN_BOOL_CONVERSION = YES;
				CLANG_WARN_COMMA = YES;
				CLANG_WARN_CONSTANT_CONVERSION = YES;
				CLANG_WARN_DEPRECATED_OBJC_IMPLEMENTATIONS = YES;
				CLANG_WARN_DIRECT_OBJC_ISA_USAGE = YES_ERROR;
				CLANG_WARN_DOCUMENTATION_COMMENTS = YES;
				CLANG_WARN_EMPTY_BODY = YES;
				CLANG_WARN_ENUM_CONVERSION = YES;
				CLANG_WARN_INFINITE_RECURSION = YES;
				CLANG_WARN_INT_CONVERSION = YES;
				CLANG_WARN_NON_LITERAL_NULL_CONVERSION = YES;
				CLANG_WARN_OBJC_IMPLICIT_RETAIN_SELF = YES;
				CLANG_WARN_OBJC_LITERAL_CONVERSION = YES;
				CLANG_WARN_OBJC_ROOT_CLASS = YES_ERROR;
				CLANG_WARN_QUOTED_INCLUDE_IN_FRAMEWORK_HEADER = YES;
				CLANG_WARN_RANGE_LOOP_ANALYSIS = YES;
				CLANG_WARN_STRICT_PROTOTYPES = YES;
				CLANG_WARN_SUSPICIOUS_MOVE = YES;
				CLANG_WARN_UNGUARDED_AVAILABILITY = YES_AGGRESSIVE;
				CLANG_WARN_UNREACHABLE_CODE = YES;
				CLANG_WARN__DUPLICATE_METHOD_MATCH = YES;
				COPY_PHASE_STRIP = NO;
				DEBUG_INFORMATION_FORMAT = "dwarf-with-dsym";
				ENABLE_NS_ASSERTIONS = NO;
				ENABLE_STRICT_OBJC_MSGSEND = YES;
				GCC_C_LANGUAGE_STANDARD = gnu11;
				GCC_NO_COMMON_BLOCKS = YES;
				GCC_WARN_64_TO_32_BIT_CONVERSION = YES;
				GCC_WARN_ABOUT_RETURN_TYPE = YES_ERROR;
				GCC_WARN_UNDECLARED_SELECTOR = YES;
				GCC_WARN_UNINITIALIZED_AUTOS = YES_AGGRESSIVE;
				GCC_WARN_UNUSED_FUNCTION = YES;
				GCC_WARN_UNUSED_VARIABLE = YES;
				IPHONEOS_DEPLOYMENT_TARGET = 16.4;
				MTL_ENABLE_DEBUG_INFO = NO;
				MTL_FAST_MATH = YES;
				SDKROOT = iphoneos;
				SWIFT_COMPILATION_MODE = wholemodule;
				SWIFT_OPTIMIZATION_LEVEL = "-O";
				VALIDATE_PRODUCT = YES;
			};
			name = Release;
		};
		902DB53E2A4C977A003E101A /* Debug */ = {
			isa = XCBuildConfiguration;
			buildSettings = {
				ASSETCATALOG_COMPILER_APPICON_NAME = AppIcon;
				ASSETCATALOG_COMPILER_GLOBAL_ACCENT_COLOR_NAME = AccentColor;
				CODE_SIGN_STYLE = Automatic;
				CURRENT_PROJECT_VERSION = 1;
				DEVELOPMENT_TEAM = A3JHD7MWF8;
				GENERATE_INFOPLIST_FILE = YES;
				INFOPLIST_FILE = HS_TZ/resources/Info.plist;
				INFOPLIST_KEY_UIApplicationSupportsIndirectInputEvents = YES;
				INFOPLIST_KEY_UILaunchStoryboardName = LaunchScreen;
				INFOPLIST_KEY_UISupportedInterfaceOrientations = UIInterfaceOrientationPortrait;
				LD_RUNPATH_SEARCH_PATHS = (
					"$(inherited)",
					"@executable_path/Frameworks",
				);
				MARKETING_VERSION = 1.0;
				PRODUCT_BUNDLE_IDENTIFIER = "com.pavelkrivtsov.HS-TZ";
				PRODUCT_NAME = "$(TARGET_NAME)";
				SUPPORTED_PLATFORMS = "iphoneos iphonesimulator";
				SUPPORTS_MACCATALYST = NO;
				SUPPORTS_MAC_DESIGNED_FOR_IPHONE_IPAD = NO;
				SWIFT_EMIT_LOC_STRINGS = YES;
				SWIFT_VERSION = 5.0;
				TARGETED_DEVICE_FAMILY = 1;
			};
			name = Debug;
		};
		902DB53F2A4C977A003E101A /* Release */ = {
			isa = XCBuildConfiguration;
			buildSettings = {
				ASSETCATALOG_COMPILER_APPICON_NAME = AppIcon;
				ASSETCATALOG_COMPILER_GLOBAL_ACCENT_COLOR_NAME = AccentColor;
				CODE_SIGN_STYLE = Automatic;
				CURRENT_PROJECT_VERSION = 1;
				DEVELOPMENT_TEAM = A3JHD7MWF8;
				GENERATE_INFOPLIST_FILE = YES;
				INFOPLIST_FILE = HS_TZ/resources/Info.plist;
				INFOPLIST_KEY_UIApplicationSupportsIndirectInputEvents = YES;
				INFOPLIST_KEY_UILaunchStoryboardName = LaunchScreen;
				INFOPLIST_KEY_UISupportedInterfaceOrientations = UIInterfaceOrientationPortrait;
				LD_RUNPATH_SEARCH_PATHS = (
					"$(inherited)",
					"@executable_path/Frameworks",
				);
				MARKETING_VERSION = 1.0;
				PRODUCT_BUNDLE_IDENTIFIER = "com.pavelkrivtsov.HS-TZ";
				PRODUCT_NAME = "$(TARGET_NAME)";
				SUPPORTED_PLATFORMS = "iphoneos iphonesimulator";
				SUPPORTS_MACCATALYST = NO;
				SUPPORTS_MAC_DESIGNED_FOR_IPHONE_IPAD = NO;
				SWIFT_EMIT_LOC_STRINGS = YES;
				SWIFT_VERSION = 5.0;
				TARGETED_DEVICE_FAMILY = 1;
			};
			name = Release;
		};
/* End XCBuildConfiguration section */

/* Begin XCConfigurationList section */
		902DB5242A4C9778003E101A /* Build configuration list for PBXProject "HS_TZ" */ = {
			isa = XCConfigurationList;
			buildConfigurations = (
				902DB53B2A4C977A003E101A /* Debug */,
				902DB53C2A4C977A003E101A /* Release */,
			);
			defaultConfigurationIsVisible = 0;
			defaultConfigurationName = Release;
		};
		902DB53D2A4C977A003E101A /* Build configuration list for PBXNativeTarget "HS_TZ" */ = {
			isa = XCConfigurationList;
			buildConfigurations = (
				902DB53E2A4C977A003E101A /* Debug */,
				902DB53F2A4C977A003E101A /* Release */,
			);
			defaultConfigurationIsVisible = 0;
			defaultConfigurationName = Release;
		};
/* End XCConfigurationList section */
	};
	rootObject = 902DB5212A4C9778003E101A /* Project object */;
}
